
Microsoft Visual Studio Solution File, Format Version 12.00
# Visual Studio Version 16
VisualStudioVersion = 16.0.30717.126
MinimumVisualStudioVersion = 10.0.40219.1
Project("{2150E333-8FDC-42A3-9474-1A3956D46DE8}") = "4. Infrastructure", "4. Infrastructure", "{831B2D7A-9ED2-498C-A181-CE6D84F20A3C}"
EndProject
Project("{2150E333-8FDC-42A3-9474-1A3956D46DE8}") = "1. Distributed Services", "1. Distributed Services", "{BC00BBB6-EF89-4202-A1BD-A383324E9C1E}"
EndProject
Project("{2150E333-8FDC-42A3-9474-1A3956D46DE8}") = "2. Application", "2. Application", "{EA8D7968-5606-4E73-85A9-703FCB768257}"
EndProject
Project("{2150E333-8FDC-42A3-9474-1A3956D46DE8}") = "3. Domain", "3. Domain", "{A48C3EEC-2AB6-4041-B853-AF84BA8BD1CF}"
EndProject
Project("{2150E333-8FDC-42A3-9474-1A3956D46DE8}") = "Tests", "Tests", "{667F0553-9CDD-45F7-891D-567834B2FEE9}"
EndProject
Project("{9A19103F-16F7-4668-BE54-9A1E7A4F7556}") = "distribuicao-lucros-infra-data-tests", "test\distribuicao-lucros-infra-data-tests\distribuicao-lucros-infra-data-tests.csproj", "{1EB08706-0487-44EF-BB66-55B62EDDF201}"
EndProject
Project("{9A19103F-16F7-4668-BE54-9A1E7A4F7556}") = "distribuicao-lucros-domain", "src\distribuicao-lucros-domain\distribuicao-lucros-domain.csproj", "{76A5035A-A769-4686-957B-F694C4C8D57B}"
EndProject
Project("{9A19103F-16F7-4668-BE54-9A1E7A4F7556}") = "distribuicao-lucros-infra-data", "src\distribuicao-lucros-infra-data\distribuicao-lucros-infra-data.csproj", "{B10925B0-8EE3-4798-8AD3-56B6424492A3}"
EndProject
Project("{9A19103F-16F7-4668-BE54-9A1E7A4F7556}") = "distribuicao-lucros-application", "src\distribuicao-lucros-application\distribuicao-lucros-application.csproj", "{86EAC4F6-9BA4-46EE-88F9-BF647017F9FD}"
EndProject
Project("{9A19103F-16F7-4668-BE54-9A1E7A4F7556}") = "distribuicao-lucros-api", "src\distribuicao-lucros\distribuicao-lucros-api.csproj", "{CB0E1A5D-60AA-4BB9-A3C5-3430D4FC1AA6}"
EndProject
Project("{9A19103F-16F7-4668-BE54-9A1E7A4F7556}") = "distribuicao-lucros-infra", "src\distribuicao-lucros-infra\distribuicao-lucros-infra.csproj", "{9F2534D9-F6CF-422D-B677-DEC51DC6F2B4}"
EndProject
Project("{9A19103F-16F7-4668-BE54-9A1E7A4F7556}") = "distribuicao-lucros-api-tests", "test\distribuicao-lucros-api-tests\distribuicao-lucros-api-tests.csproj", "{81A3A140-B230-4A91-8CB2-D79A9A91B468}"
EndProject
Project("{FAE04EC0-301F-11D3-BF4B-00C04F79EFBC}") = "distribuicao-lucros-application-tests", "test\distribuicao-lucros-application-tests\distribuicao-lucros-application-tests.csproj", "{D8EDCCB2-E4F4-4C04-9056-DCE5DF7CEEDD}"
EndProject
Global
	GlobalSection(SolutionConfigurationPlatforms) = preSolution
		Debug|Any CPU = Debug|Any CPU
		Release|Any CPU = Release|Any CPU
	EndGlobalSection
	GlobalSection(ProjectConfigurationPlatforms) = postSolution
		{1EB08706-0487-44EF-BB66-55B62EDDF201}.Debug|Any CPU.ActiveCfg = Debug|Any CPU
		{1EB08706-0487-44EF-BB66-55B62EDDF201}.Debug|Any CPU.Build.0 = Debug|Any CPU
		{1EB08706-0487-44EF-BB66-55B62EDDF201}.Release|Any CPU.ActiveCfg = Release|Any CPU
		{1EB08706-0487-44EF-BB66-55B62EDDF201}.Release|Any CPU.Build.0 = Release|Any CPU
		{76A5035A-A769-4686-957B-F694C4C8D57B}.Debug|Any CPU.ActiveCfg = Debug|Any CPU
		{76A5035A-A769-4686-957B-F694C4C8D57B}.Debug|Any CPU.Build.0 = Debug|Any CPU
		{76A5035A-A769-4686-957B-F694C4C8D57B}.Release|Any CPU.ActiveCfg = Release|Any CPU
		{76A5035A-A769-4686-957B-F694C4C8D57B}.Release|Any CPU.Build.0 = Release|Any CPU
		{B10925B0-8EE3-4798-8AD3-56B6424492A3}.Debug|Any CPU.ActiveCfg = Debug|Any CPU
		{B10925B0-8EE3-4798-8AD3-56B6424492A3}.Debug|Any CPU.Build.0 = Debug|Any CPU
		{B10925B0-8EE3-4798-8AD3-56B6424492A3}.Release|Any CPU.ActiveCfg = Release|Any CPU
		{B10925B0-8EE3-4798-8AD3-56B6424492A3}.Release|Any CPU.Build.0 = Release|Any CPU
		{86EAC4F6-9BA4-46EE-88F9-BF647017F9FD}.Debug|Any CPU.ActiveCfg = Debug|Any CPU
		{86EAC4F6-9BA4-46EE-88F9-BF647017F9FD}.Debug|Any CPU.Build.0 = Debug|Any CPU
		{86EAC4F6-9BA4-46EE-88F9-BF647017F9FD}.Release|Any CPU.ActiveCfg = Release|Any CPU
		{86EAC4F6-9BA4-46EE-88F9-BF647017F9FD}.Release|Any CPU.Build.0 = Release|Any CPU
		{CB0E1A5D-60AA-4BB9-A3C5-3430D4FC1AA6}.Debug|Any CPU.ActiveCfg = Debug|Any CPU
		{CB0E1A5D-60AA-4BB9-A3C5-3430D4FC1AA6}.Debug|Any CPU.Build.0 = Debug|Any CPU
		{CB0E1A5D-60AA-4BB9-A3C5-3430D4FC1AA6}.Release|Any CPU.ActiveCfg = Release|Any CPU
		{CB0E1A5D-60AA-4BB9-A3C5-3430D4FC1AA6}.Release|Any CPU.Build.0 = Release|Any CPU
		{9F2534D9-F6CF-422D-B677-DEC51DC6F2B4}.Debug|Any CPU.ActiveCfg = Debug|Any CPU
		{9F2534D9-F6CF-422D-B677-DEC51DC6F2B4}.Debug|Any CPU.Build.0 = Debug|Any CPU
		{9F2534D9-F6CF-422D-B677-DEC51DC6F2B4}.Release|Any CPU.ActiveCfg = Release|Any CPU
		{9F2534D9-F6CF-422D-B677-DEC51DC6F2B4}.Release|Any CPU.Build.0 = Release|Any CPU
		{81A3A140-B230-4A91-8CB2-D79A9A91B468}.Debug|Any CPU.ActiveCfg = Debug|Any CPU
		{81A3A140-B230-4A91-8CB2-D79A9A91B468}.Debug|Any CPU.Build.0 = Debug|Any CPU
		{81A3A140-B230-4A91-8CB2-D79A9A91B468}.Release|Any CPU.ActiveCfg = Release|Any CPU
		{81A3A140-B230-4A91-8CB2-D79A9A91B468}.Release|Any CPU.Build.0 = Release|Any CPU
		{D8EDCCB2-E4F4-4C04-9056-DCE5DF7CEEDD}.Debug|Any CPU.ActiveCfg = Debug|Any CPU
		{D8EDCCB2-E4F4-4C04-9056-DCE5DF7CEEDD}.Debug|Any CPU.Build.0 = Debug|Any CPU
		{D8EDCCB2-E4F4-4C04-9056-DCE5DF7CEEDD}.Release|Any CPU.ActiveCfg = Release|Any CPU
		{D8EDCCB2-E4F4-4C04-9056-DCE5DF7CEEDD}.Release|Any CPU.Build.0 = Release|Any CPU
	EndGlobalSection
	GlobalSection(SolutionProperties) = preSolution
		HideSolutionNode = FALSE
	EndGlobalSection
	GlobalSection(NestedProjects) = preSolution
		{1EB08706-0487-44EF-BB66-55B62EDDF201} = {667F0553-9CDD-45F7-891D-567834B2FEE9}
		{76A5035A-A769-4686-957B-F694C4C8D57B} = {A48C3EEC-2AB6-4041-B853-AF84BA8BD1CF}
		{B10925B0-8EE3-4798-8AD3-56B6424492A3} = {831B2D7A-9ED2-498C-A181-CE6D84F20A3C}
		{86EAC4F6-9BA4-46EE-88F9-BF647017F9FD} = {EA8D7968-5606-4E73-85A9-703FCB768257}
		{CB0E1A5D-60AA-4BB9-A3C5-3430D4FC1AA6} = {BC00BBB6-EF89-4202-A1BD-A383324E9C1E}
		{9F2534D9-F6CF-422D-B677-DEC51DC6F2B4} = {831B2D7A-9ED2-498C-A181-CE6D84F20A3C}
		{81A3A140-B230-4A91-8CB2-D79A9A91B468} = {667F0553-9CDD-45F7-891D-567834B2FEE9}
		{D8EDCCB2-E4F4-4C04-9056-DCE5DF7CEEDD} = {667F0553-9CDD-45F7-891D-567834B2FEE9}
	EndGlobalSection
	GlobalSection(ExtensibilityGlobals) = postSolution
		SolutionGuid = {2D3F4954-5876-4BBC-B650-FE8EBB91819A}
	EndGlobalSection
EndGlobal
